{
  "name": "loc",
  "version": "1.0.0",
  "lockfileVersion": 2,
  "requires": true,
  "packages": {
    "": {
      "name": "loc",
      "version": "1.0.0",
      "license": "ISC",
      "devDependencies": {
        "@types/node": "^18.6.4"
      }
    },
    "node_modules/@types/node": {
      "version": "18.6.4",
      "resolved": "https://registry.npmjs.org/@types/node/-/node-18.6.4.tgz",
      "integrity": "sha512-I4BD3L+6AWiUobfxZ49DlU43gtI+FTHSv9pE2Zekg6KjMpre4ByusaljW3vYSLJrvQ1ck1hUaeVu8HVlY3vzHg==",
      "dev": true
    }
  },
  "dependencies": {
    "@types/node": {
      "version": "18.6.4",
      "resolved": "https://registry.npmjs.org/@types/node/-/node-18.6.4.tgz",
      "integrity": "sha512-I4BD3L+6AWiUobfxZ49DlU43gtI+FTHSv9pE2Zekg6KjMpre4ByusaljW3vYSLJrvQ1ck1hUaeVu8HVlY3vzHg==",
      "dev": true
    }
  }
}
